// !$*UTF8*$!
{
	archiveVersion = 1;
	classes = {
	};
	objectVersion = 56;
	objects = {

/* Begin PBXBuildFile section */
		572F86EB29E4C7B9008D7A86 /* AppDelegate.swift in Sources */ = {isa = PBXBuildFile; fileRef = 572F86EA29E4C7B9008D7A86 /* AppDelegate.swift */; };
		572F86ED29E4C7B9008D7A86 /* SceneDelegate.swift in Sources */ = {isa = PBXBuildFile; fileRef = 572F86EC29E4C7B9008D7A86 /* SceneDelegate.swift */; };
		572F86F229E4C7B9008D7A86 /* Main.storyboard in Resources */ = {isa = PBXBuildFile; fileRef = 572F86F029E4C7B9008D7A86 /* Main.storyboard */; };
		572F86F429E4C7BA008D7A86 /* Assets.xcassets in Resources */ = {isa = PBXBuildFile; fileRef = 572F86F329E4C7BA008D7A86 /* Assets.xcassets */; };
		572F86F729E4C7BA008D7A86 /* LaunchScreen.storyboard in Resources */ = {isa = PBXBuildFile; fileRef = 572F86F529E4C7BA008D7A86 /* LaunchScreen.storyboard */; };
		572F86FF29E4CE86008D7A86 /* ContactListViewController.swift in Sources */ = {isa = PBXBuildFile; fileRef = 572F86FE29E4CE86008D7A86 /* ContactListViewController.swift */; };
		572F870129E4CF97008D7A86 /* Person.swift in Sources */ = {isa = PBXBuildFile; fileRef = 572F870029E4CF97008D7A86 /* Person.swift */; };
		572F870329E74474008D7A86 /* DataStore.swift in Sources */ = {isa = PBXBuildFile; fileRef = 572F870229E74474008D7A86 /* DataStore.swift */; };
		572F870929E7459C008D7A86 /* ContactDataViewController.swift in Sources */ = {isa = PBXBuildFile; fileRef = 572F870829E7459C008D7A86 /* ContactDataViewController.swift */; };
		572F870B29E74683008D7A86 /* SactionContactListViewController.swift in Sources */ = {isa = PBXBuildFile; fileRef = 572F870A29E74683008D7A86 /* SactionContactListViewController.swift */; };
/* End PBXBuildFile section */

/* Begin PBXFileReference section */
		572F86E729E4C7B9008D7A86 /* ContactList.app */ = {isa = PBXFileReference; explicitFileType = wrapper.application; includeInIndex = 0; path = ContactList.app; sourceTree = BUILT_PRODUCTS_DIR; };
		572F86EA29E4C7B9008D7A86 /* AppDelegate.swift */ = {isa = PBXFileReference; lastKnownFileType = sourcecode.swift; path = AppDelegate.swift; sourceTree = "<group>"; };
		572F86EC29E4C7B9008D7A86 /* SceneDelegate.swift */ = {isa = PBXFileReference; lastKnownFileType = sourcecode.swift; path = SceneDelegate.swift; sourceTree = "<group>"; };
		572F86F129E4C7B9008D7A86 /* Base */ = {isa = PBXFileReference; lastKnownFileType = file.storyboard; name = Base; path = Base.lproj/Main.storyboard; sourceTree = "<group>"; };
		572F86F329E4C7BA008D7A86 /* Assets.xcassets */ = {isa = PBXFileReference; lastKnownFileType = folder.assetcatalog; path = Assets.xcassets; sourceTree = "<group>"; };
		572F86F629E4C7BA008D7A86 /* Base */ = {isa = PBXFileReference; lastKnownFileType = file.storyboard; name = Base; path = Base.lproj/LaunchScreen.storyboard; sourceTree = "<group>"; };
		572F86F829E4C7BA008D7A86 /* Info.plist */ = {isa = PBXFileReference; lastKnownFileType = text.plist.xml; path = Info.plist; sourceTree = "<group>"; };
		572F86FE29E4CE86008D7A86 /* ContactListViewController.swift */ = {isa = PBXFileReference; lastKnownFileType = sourcecode.swift; path = ContactListViewController.swift; sourceTree = "<group>"; };
		572F870029E4CF97008D7A86 /* Person.swift */ = {isa = PBXFileReference; lastKnownFileType = sourcecode.swift; path = Person.swift; sourceTree = "<group>"; };
		572F870229E74474008D7A86 /* DataStore.swift */ = {isa = PBXFileReference; lastKnownFileType = sourcecode.swift; path = DataStore.swift; sourceTree = "<group>"; };
		572F870829E7459C008D7A86 /* ContactDataViewController.swift */ = {isa = PBXFileReference; lastKnownFileType = sourcecode.swift; path = ContactDataViewController.swift; sourceTree = "<group>"; };
		572F870A29E74683008D7A86 /* SactionContactListViewController.swift */ = {isa = PBXFileReference; lastKnownFileType = sourcecode.swift; path = SactionContactListViewController.swift; sourceTree = "<group>"; };
/* End PBXFileReference section */

/* Begin PBXFrameworksBuildPhase section */
		572F86E429E4C7B9008D7A86 /* Frameworks */ = {
			isa = PBXFrameworksBuildPhase;
			buildActionMask = 2147483647;
			files = (
			);
			runOnlyForDeploymentPostprocessing = 0;
		};
/* End PBXFrameworksBuildPhase section */

/* Begin PBXGroup section */
		572F86DE29E4C7B9008D7A86 = {
			isa = PBXGroup;
			children = (
				572F86E929E4C7B9008D7A86 /* ContactList */,
				572F86E829E4C7B9008D7A86 /* Products */,
			);
			sourceTree = "<group>";
		};
		572F86E829E4C7B9008D7A86 /* Products */ = {
			isa = PBXGroup;
			children = (
				572F86E729E4C7B9008D7A86 /* ContactList.app */,
			);
			name = Products;
			sourceTree = "<group>";
		};
		572F86E929E4C7B9008D7A86 /* ContactList */ = {
			isa = PBXGroup;
			children = (
				572F870629E74501008D7A86 /* ViewControllers */,
				572F870429E7449B008D7A86 /* Models */,
				572F870529E744D3008D7A86 /* Storyboards */,
				572F870729E74538008D7A86 /* SupportFiles */,
				572F86F329E4C7BA008D7A86 /* Assets.xcassets */,
				572F86F829E4C7BA008D7A86 /* Info.plist */,
			);
			path = ContactList;
			sourceTree = "<group>";
		};
		572F870429E7449B008D7A86 /* Models */ = {
			isa = PBXGroup;
			children = (
				572F870029E4CF97008D7A86 /* Person.swift */,
				572F870229E74474008D7A86 /* DataStore.swift */,
			);
			path = Models;
			sourceTree = "<group>";
		};
		572F870529E744D3008D7A86 /* Storyboards */ = {
			isa = PBXGroup;
			children = (
				572F86F029E4C7B9008D7A86 /* Main.storyboard */,
				572F86F529E4C7BA008D7A86 /* LaunchScreen.storyboard */,
			);
			path = Storyboards;
			sourceTree = "<group>";
		};
		572F870629E74501008D7A86 /* ViewControllers */ = {
			isa = PBXGroup;
			children = (
				572F86FE29E4CE86008D7A86 /* ContactListViewController.swift */,
				572F870829E7459C008D7A86 /* ContactDataViewController.swift */,
				572F870A29E74683008D7A86 /* SactionContactListViewController.swift */,
			);
			path = ViewControllers;
			sourceTree = "<group>";
		};
		572F870729E74538008D7A86 /* SupportFiles */ = {
			isa = PBXGroup;
			children = (
				572F86EA29E4C7B9008D7A86 /* AppDelegate.swift */,
				572F86EC29E4C7B9008D7A86 /* SceneDelegate.swift */,
			);
			path = SupportFiles;
			sourceTree = "<group>";
		};
/* End PBXGroup section */

/* Begin PBXNativeTarget section */
		572F86E629E4C7B9008D7A86 /* ContactList */ = {
			isa = PBXNativeTarget;
			buildConfigurationList = 572F86FB29E4C7BA008D7A86 /* Build configuration list for PBXNativeTarget "ContactList" */;
			buildPhases = (
				572F86E329E4C7B9008D7A86 /* Sources */,
				572F86E429E4C7B9008D7A86 /* Frameworks */,
				572F86E529E4C7B9008D7A86 /* Resources */,
			);
			buildRules = (
			);
			dependencies = (
			);
			name = ContactList;
			productName = ContactList;
			productReference = 572F86E729E4C7B9008D7A86 /* ContactList.app */;
			productType = "com.apple.product-type.application";
		};
/* End PBXNativeTarget section */

/* Begin PBXProject section */
		572F86DF29E4C7B9008D7A86 /* Project object */ = {
			isa = PBXProject;
			attributes = {
				BuildIndependentTargetsInParallel = 1;
				LastSwiftUpdateCheck = 1430;
				LastUpgradeCheck = 1430;
				TargetAttributes = {
					572F86E629E4C7B9008D7A86 = {
						CreatedOnToolsVersion = 14.3;
					};
				};
			};
			buildConfigurationList = 572F86E229E4C7B9008D7A86 /* Build configuration list for PBXProject "ContactList" */;
			compatibilityVersion = "Xcode 14.0";
			developmentRegion = en;
			hasScannedForEncodings = 0;
			knownRegions = (
				en,
				Base,
			);
			mainGroup = 572F86DE29E4C7B9008D7A86;
			productRefGroup = 572F86E829E4C7B9008D7A86 /* Products */;
			projectDirPath = "";
			projectRoot = "";
			targets = (
				572F86E629E4C7B9008D7A86 /* ContactList */,
			);
		};
/* End PBXProject section */

/* Begin PBXResourcesBuildPhase section */
		572F86E529E4C7B9008D7A86 /* Resources */ = {
			isa = PBXResourcesBuildPhase;
			buildActionMask = 2147483647;
			files = (
				572F86F729E4C7BA008D7A86 /* LaunchScreen.storyboard in Resources */,
				572F86F429E4C7BA008D7A86 /* Assets.xcassets in Resources */,
				572F86F229E4C7B9008D7A86 /* Main.storyboard in Resources */,
			);
			runOnlyForDeploymentPostprocessing = 0;
		};
/* End PBXResourcesBuildPhase section */

/* Begin PBXSourcesBuildPhase section */
		572F86E329E4C7B9008D7A86 /* Sources */ = {
			isa = PBXSourcesBuildPhase;
			buildActionMask = 2147483647;
			files = (
				572F870B29E74683008D7A86 /* SactionContactListViewController.swift in Sources */,
				572F86EB29E4C7B9008D7A86 /* AppDelegate.swift in Sources */,
				572F86ED29E4C7B9008D7A86 /* SceneDelegate.swift in Sources */,
				572F870129E4CF97008D7A86 /* Person.swift in Sources */,
				572F870929E7459C008D7A86 /* ContactDataViewController.swift in Sources */,
				572F870329E74474008D7A86 /* DataStore.swift in Sources */,
				572F86FF29E4CE86008D7A86 /* ContactListViewController.swift in Sources */,
			);
			runOnlyForDeploymentPostprocessing = 0;
		};
/* End PBXSourcesBuildPhase section */

/* Begin PBXVariantGroup section */
		572F86F029E4C7B9008D7A86 /* Main.storyboard */ = {
			isa = PBXVariantGroup;
			children = (
				572F86F129E4C7B9008D7A86 /* Base */,
			);
			name = Main.storyboard;
			sourceTree = "<group>";
		};
		572F86F529E4C7BA008D7A86 /* LaunchScreen.storyboard */ = {
			isa = PBXVariantGroup;
			children = (
				572F86F629E4C7BA008D7A86 /* Base */,
			);
			name = LaunchScreen.storyboard;
			sourceTree = "<group>";
		};
/* End PBXVariantGroup section */

/* Begin XCBuildConfiguration section */
		572F86F929E4C7BA008D7A86 /* Debug */ = {
			isa = XCBuildConfiguration;
			buildSettings = {
				ALWAYS_SEARCH_USER_PATHS = NO;
				CLANG_ANALYZER_NONNULL = YES;
				CLANG_ANALYZER_NUMBER_OBJECT_CONVERSION = YES_AGGRESSIVE;
				CLANG_CXX_LANGUAGE_STANDARD = "gnu++20";
				CLANG_ENABLE_MODULES = YES;
				CLANG_ENABLE_OBJC_ARC = YES;
				CLANG_ENABLE_OBJC_WEAK = YES;
				CLANG_WARN_BLOCK_CAPTURE_AUTORELEASING = YES;
				CLANG_WARN_BOOL_CONVERSION = YES;
				CLANG_WARN_COMMA = YES;
				CLANG_WARN_CONSTANT_CONVERSION = YES;
				CLANG_WARN_DEPRECATED_OBJC_IMPLEMENTATIONS = YES;
				CLANG_WARN_DIRECT_OBJC_ISA_USAGE = YES_ERROR;
				CLANG_WARN_DOCUMENTATION_COMMENTS = YES;
				CLANG_WARN_EMPTY_BODY = YES;
				CLANG_WARN_ENUM_CONVERSION = YES;
				CLANG_WARN_INFINITE_RECURSION = YES;
				CLANG_WARN_INT_CONVERSION = YES;
				CLANG_WARN_NON_LITERAL_NULL_CONVERSION = YES;
				CLANG_WARN_OBJC_IMPLICIT_RETAIN_SELF = YES;
				CLANG_WARN_OBJC_LITERAL_CONVERSION = YES;
				CLANG_WARN_OBJC_ROOT_CLASS = YES_ERROR;
				CLANG_WARN_QUOTED_INCLUDE_IN_FRAMEWORK_HEADER = YES;
				CLANG_WARN_RANGE_LOOP_ANALYSIS = YES;
				CLANG_WARN_STRICT_PROTOTYPES = YES;
				CLANG_WARN_SUSPICIOUS_MOVE = YES;
				CLANG_WARN_UNGUARDED_AVAILABILITY = YES_AGGRESSIVE;
				CLANG_WARN_UNREACHABLE_CODE = YES;
				CLANG_WARN__DUPLICATE_METHOD_MATCH = YES;
				COPY_PHASE_STRIP = NO;
				DEBUG_INFORMATION_FORMAT = dwarf;
				ENABLE_STRICT_OBJC_MSGSEND = YES;
				ENABLE_TESTABILITY = YES;
				GCC_C_LANGUAGE_STANDARD = gnu11;
				GCC_DYNAMIC_NO_PIC = NO;
				GCC_NO_COMMON_BLOCKS = YES;
				GCC_OPTIMIZATION_LEVEL = 0;
				GCC_PREPROCESSOR_DEFINITIONS = (
					"DEBUG=1",
					"$(inherited)",
				);
				GCC_WARN_64_TO_32_BIT_CONVERSION = YES;
				GCC_WARN_ABOUT_RETURN_TYPE = YES_ERROR;
				GCC_WARN_UNDECLARED_SELECTOR = YES;
				GCC_WARN_UNINITIALIZED_AUTOS = YES_AGGRESSIVE;
				GCC_WARN_UNUSED_FUNCTION = YES;
				GCC_WARN_UNUSED_VARIABLE = YES;
				IPHONEOS_DEPLOYMENT_TARGET = 16.4;
				MTL_ENABLE_DEBUG_INFO = INCLUDE_SOURCE;
				MTL_FAST_MATH = YES;
				ONLY_ACTIVE_ARCH = YES;
				SDKROOT = iphoneos;
				SWIFT_ACTIVE_COMPILATION_CONDITIONS = DEBUG;
				SWIFT_OPTIMIZATION_LEVEL = "-Onone";
			};
			name = Debug;
		};
		572F86FA29E4C7BA008D7A86 /* Release */ = {
			isa = XCBuildConfiguration;
			buildSettings = {
				ALWAYS_SEARCH_USER_PATHS = NO;
				CLANG_ANALYZER_NONNULL = YES;
				CLANG_ANALYZER_NUMBER_OBJECT_CONVERSION = YES_AGGRESSIVE;
				CLANG_CXX_LANGUAGE_STANDARD = "gnu++20";
				CLANG_ENABLE_MODULES = YES;
				CLANG_ENABLE_OBJC_ARC = YES;
				CLANG_ENABLE_OBJC_WEAK = YES;
				CLANG_WARN_BLOCK_CAPTURE_AUTORELEASING = YES;
				CLANG_WARN_BOOL_CONVERSION = YES;
				CLANG_WARN_COMMA = YES;
				CLANG_WARN_CONSTANT_CONVERSION = YES;
				CLANG_WARN_DEPRECATED_OBJC_IMPLEMENTATIONS = YES;
				CLANG_WARN_DIRECT_OBJC_ISA_USAGE = YES_ERROR;
				CLANG_WARN_DOCUMENTATION_COMMENTS = YES;
				CLANG_WARN_EMPTY_BODY = YES;
				CLANG_WARN_ENUM_CONVERSION = YES;
				CLANG_WARN_INFINITE_RECURSION = YES;
				CLANG_WARN_INT_CONVERSION = YES;
				CLANG_WARN_NON_LITERAL_NULL_CONVERSION = YES;
				CLANG_WARN_OBJC_IMPLICIT_RETAIN_SELF = YES;
				CLANG_WARN_OBJC_LITERAL_CONVERSION = YES;
				CLANG_WARN_OBJC_ROOT_CLASS = YES_ERROR;
				CLANG_WARN_QUOTED_INCLUDE_IN_FRAMEWORK_HEADER = YES;
				CLANG_WARN_RANGE_LOOP_ANALYSIS = YES;
				CLANG_WARN_STRICT_PROTOTYPES = YES;
				CLANG_WARN_SUSPICIOUS_MOVE = YES;
				CLANG_WARN_UNGUARDED_AVAILABILITY = YES_AGGRESSIVE;
				CLANG_WARN_UNREACHABLE_CODE = YES;
				CLANG_WARN__DUPLICATE_METHOD_MATCH = YES;
				COPY_PHASE_STRIP = NO;
				DEBUG_INFORMATION_FORMAT = "dwarf-with-dsym";
				ENABLE_NS_ASSERTIONS = NO;
				ENABLE_STRICT_OBJC_MSGSEND = YES;
				GCC_C_LANGUAGE_STANDARD = gnu11;
				GCC_NO_COMMON_BLOCKS = YES;
				GCC_WARN_64_TO_32_BIT_CONVERSION = YES;
				GCC_WARN_ABOUT_RETURN_TYPE = YES_ERROR;
				GCC_WARN_UNDECLARED_SELECTOR = YES;
				GCC_WARN_UNINITIALIZED_AUTOS = YES_AGGRESSIVE;
				GCC_WARN_UNUSED_FUNCTION = YES;
				GCC_WARN_UNUSED_VARIABLE = YES;
				IPHONEOS_DEPLOYMENT_TARGET = 16.4;
				MTL_ENABLE_DEBUG_INFO = NO;
				MTL_FAST_MATH = YES;
				SDKROOT = iphoneos;
				SWIFT_COMPILATION_MODE = wholemodule;
				SWIFT_OPTIMIZATION_LEVEL = "-O";
				VALIDATE_PRODUCT = YES;
			};
			name = Release;
		};
		572F86FC29E4C7BA008D7A86 /* Debug */ = {
			isa = XCBuildConfiguration;
			buildSettings = {
				ASSETCATALOG_COMPILER_APPICON_NAME = AppIcon;
				ASSETCATALOG_COMPILER_GLOBAL_ACCENT_COLOR_NAME = AccentColor;
				CODE_SIGN_STYLE = Automatic;
				CURRENT_PROJECT_VERSION = 1;
				DEVELOPMENT_TEAM = 8GK8CJZB3Z;
				GENERATE_INFOPLIST_FILE = YES;
				INFOPLIST_FILE = ContactList/Info.plist;
				INFOPLIST_KEY_UIApplicationSupportsIndirectInputEvents = YES;
				INFOPLIST_KEY_UILaunchStoryboardName = LaunchScreen;
				INFOPLIST_KEY_UIMainStoryboardFile = Main;
				INFOPLIST_KEY_UISupportedInterfaceOrientations_iPad = "UIInterfaceOrientationPortrait UIInterfaceOrientationPortraitUpsideDown UIInterfaceOrientationLandscapeLeft UIInterfaceOrientationLandscapeRight";
				INFOPLIST_KEY_UISupportedInterfaceOrientations_iPhone = "UIInterfaceOrientationPortrait UIInterfaceOrientationLandscapeLeft UIInterfaceOrientationLandscapeRight";
				LD_RUNPATH_SEARCH_PATHS = (
					"$(inherited)",
					"@executable_path/Frameworks",
				);
				MARKETING_VERSION = 1.0;
				PRODUCT_BUNDLE_IDENTIFIER = ru.andrey.ContactList;
				PRODUCT_NAME = "$(TARGET_NAME)";
				SWIFT_EMIT_LOC_STRINGS = YES;
				SWIFT_VERSION = 5.0;
				TARGETED_DEVICE_FAMILY = "1,2";
			};
			name = Debug;
		};
		572F86FD29E4C7BA008D7A86 /* Release */ = {
			isa = XCBuildConfiguration;
			buildSettings = {
				ASSETCATALOG_COMPILER_APPICON_NAME = AppIcon;
				ASSETCATALOG_COMPILER_GLOBAL_ACCENT_COLOR_NAME = AccentColor;
				CODE_SIGN_STYLE = Automatic;
				CURRENT_PROJECT_VERSION = 1;
				DEVELOPMENT_TEAM = 8GK8CJZB3Z;
				GENERATE_INFOPLIST_FILE = YES;
				INFOPLIST_FILE = ContactList/Info.plist;
				INFOPLIST_KEY_UIApplicationSupportsIndirectInputEvents = YES;
				INFOPLIST_KEY_UILaunchStoryboardName = LaunchScreen;
				INFOPLIST_KEY_UIMainStoryboardFile = Main;
				INFOPLIST_KEY_UISupportedInterfaceOrientations_iPad = "UIInterfaceOrientationPortrait UIInterfaceOrientationPortraitUpsideDown UIInterfaceOrientationLandscapeLeft UIInterfaceOrientationLandscapeRight";
				INFOPLIST_KEY_UISupportedInterfaceOrientations_iPhone = "UIInterfaceOrientationPortrait UIInterfaceOrientationLandscapeLeft UIInterfaceOrientationLandscapeRight";
				LD_RUNPATH_SEARCH_PATHS = (
					"$(inherited)",
					"@executable_path/Frameworks",
				);
				MARKETING_VERSION = 1.0;
				PRODUCT_BUNDLE_IDENTIFIER = ru.andrey.ContactList;
				PRODUCT_NAME = "$(TARGET_NAME)";
				SWIFT_EMIT_LOC_STRINGS = YES;
				SWIFT_VERSION = 5.0;
				TARGETED_DEVICE_FAMILY = "1,2";
			};
			name = Release;
		};
/* End XCBuildConfiguration section */

/* Begin XCConfigurationList section */
		572F86E229E4C7B9008D7A86 /* Build configuration list for PBXProject "ContactList" */ = {
			isa = XCConfigurationList;
			buildConfigurations = (
				572F86F929E4C7BA008D7A86 /* Debug */,
				572F86FA29E4C7BA008D7A86 /* Release */,
			);
			defaultConfigurationIsVisible = 0;
			defaultConfigurationName = Release;
		};
		572F86FB29E4C7BA008D7A86 /* Build configuration list for PBXNativeTarget "ContactList" */ = {
			isa = XCConfigurationList;
			buildConfigurations = (
				572F86FC29E4C7BA008D7A86 /* Debug */,
				572F86FD29E4C7BA008D7A86 /* Release */,
			);
			defaultConfigurationIsVisible = 0;
			defaultConfigurationName = Release;
		};
/* End XCConfigurationList section */
	};
	rootObject = 572F86DF29E4C7B9008D7A86 /* Project object */;
}
